{
  "nodes": {
    "flake-parts": {
      "inputs": {
        "nixpkgs-lib": [
          "mcp",
          "nixpkgs"
        ]
      },
      "locked": {
        "lastModified": 1743550720,
        "narHash": "sha256-hIshGgKZCgWh6AYJpJmRgFdR3WUbkY04o82X05xqQiY=",
        "owner": "hercules-ci",
        "repo": "flake-parts",
        "rev": "c621e8422220273271f52058f618c94e405bb0f5",
        "type": "github"
      },
      "original": {
        "owner": "hercules-ci",
        "repo": "flake-parts",
        "type": "github"
      }
    },
    "mcp": {
      "inputs": {
        "flake-parts": "flake-parts",
        "nixpkgs": "nixpkgs"
      },
      "locked": {
        "lastModified": 1752750545,
        "narHash": "sha256-h8X9l+H+vorOTIp7VF72d2ipIxyOjtU+4iWYrrR6x5Q=",
        "owner": "ravitemer",
        "repo": "mcp-hub",
        "rev": "9ec95df7e60198419f42b999e3307d50e56035af",
        "type": "github"
      },
      "original": {
        "owner": "ravitemer",
        "repo": "mcp-hub",
        "type": "github"
      }
    },
    "nixpkgs": {
      "locked": {
        "lastModified": 1743689281,
        "narHash": "sha256-y7Hg5lwWhEOgflEHRfzSH96BOt26LaYfrYWzZ+VoVdg=",
        "owner": "NixOS",
        "repo": "nixpkgs",
        "rev": "2bfc080955153be0be56724be6fa5477b4eefabb",
        "type": "github"
      },
      "original": {
        "owner": "NixOS",
        "ref": "nixpkgs-unstable",
        "repo": "nixpkgs",
        "type": "github"
      }
    },
    "nixpkgs_2": {
      "locked": {
        "lastModified": 1752687322,
        "narHash": "sha256-RKwfXA4OZROjBTQAl9WOZQFm7L8Bo93FQwSJpAiSRvo=",
        "owner": "NixOS",
        "repo": "nixpkgs",
        "rev": "6e987485eb2c77e5dcc5af4e3c70843711ef9251",
        "type": "github"
      },
      "original": {
        "owner": "NixOS",
        "ref": "nixos-unstable",
        "repo": "nixpkgs",
        "type": "github"
      }
    },
    "root": {
      "inputs": {
        "mcp": "mcp",
        "nixpkgs": "nixpkgs_2",
        "utils": "utils"
      }
    },
    "systems": {
      "locked": {
        "lastModified": 1681028828,
        "narHash": "sha256-Vy1rq5AaRuLzOxct8nz4T6wlgyUR7zLU309k9mBC768=",
        "owner": "nix-systems",
        "repo": "default",
        "rev": "da67096a3b9bf56a91d16901293e51ba5b49a27e",
        "type": "github"
      },
      "original": {
        "owner": "nix-systems",
        "repo": "default",
        "type": "github"
      }
    },
    "utils": {
      "inputs": {
        "systems": "systems"
      },
      "locked": {
        "lastModified": 1731533236,
        "narHash": "sha256-l0KFg5HjrsfsO/JpG+r7fRrqm12kzFHyUHqHCVpMMbI=",
        "owner": "numtide",
        "repo": "flake-utils",
        "rev": "11707dc2f618dd54ca8739b309ec4fc024de578b",
        "type": "github"
      },
      "original": {
        "owner": "numtide",
        "repo": "flake-utils",
        "type": "github"
      }
    }
  },
  "root": "root",
  "version": 7
}
